// !$*UTF8*$!
{
	archiveVersion = 1;
	classes = {
	};
	objectVersion = 48;
	objects = {

/* Begin PBXBuildFile section */
		0007F1781FF9503400FA820F /* ChordSaver.swift in Sources */ = {isa = PBXBuildFile; fileRef = 0007F1771FF9503400FA820F /* ChordSaver.swift */; };
		0007F17A1FF9520400FA820F /* Database.swift in Sources */ = {isa = PBXBuildFile; fileRef = 0007F1791FF9520400FA820F /* Database.swift */; };
		0060BF3E1FF881BA00AA84E3 /* StringHeaderLabel.swift in Sources */ = {isa = PBXBuildFile; fileRef = 0060BF3D1FF881BA00AA84E3 /* StringHeaderLabel.swift */; };
		007020041FF2B652005BAB60 /* AppDelegate.swift in Sources */ = {isa = PBXBuildFile; fileRef = 007020031FF2B652005BAB60 /* AppDelegate.swift */; };
		007020081FF2B652005BAB60 /* SettingsViewController.swift in Sources */ = {isa = PBXBuildFile; fileRef = 007020071FF2B652005BAB60 /* SettingsViewController.swift */; };
		0070200B1FF2B652005BAB60 /* Main.storyboard in Resources */ = {isa = PBXBuildFile; fileRef = 007020091FF2B652005BAB60 /* Main.storyboard */; };
		0070200D1FF2B652005BAB60 /* Assets.xcassets in Resources */ = {isa = PBXBuildFile; fileRef = 0070200C1FF2B652005BAB60 /* Assets.xcassets */; };
		007020101FF2B652005BAB60 /* LaunchScreen.storyboard in Resources */ = {isa = PBXBuildFile; fileRef = 0070200E1FF2B652005BAB60 /* LaunchScreen.storyboard */; };
		0070201B1FF2B652005BAB60 /* GuitarChordsTests.swift in Sources */ = {isa = PBXBuildFile; fileRef = 0070201A1FF2B652005BAB60 /* GuitarChordsTests.swift */; };
		007020261FF2B652005BAB60 /* GuitarChordsUITests.swift in Sources */ = {isa = PBXBuildFile; fileRef = 007020251FF2B652005BAB60 /* GuitarChordsUITests.swift */; };
		0099157E1FF3DA8E008C6AC5 /* StringViewController.swift in Sources */ = {isa = PBXBuildFile; fileRef = 009915661FF3DA8A008C6AC5 /* StringViewController.swift */; };
		0099157F1FF3DA8E008C6AC5 /* ViewController.swift in Sources */ = {isa = PBXBuildFile; fileRef = 009915671FF3DA8A008C6AC5 /* ViewController.swift */; };
		009915801FF3DA8E008C6AC5 /* Base.lproj in Resources */ = {isa = PBXBuildFile; fileRef = 009915681FF3DA8A008C6AC5 /* Base.lproj */; };
		009915811FF3DA8E008C6AC5 /* FretView.swift in Sources */ = {isa = PBXBuildFile; fileRef = 009915691FF3DA8A008C6AC5 /* FretView.swift */; };
		009915821FF3DA8E008C6AC5 /* FingerPattern.swift in Sources */ = {isa = PBXBuildFile; fileRef = 0099156A1FF3DA8A008C6AC5 /* FingerPattern.swift */; };
		009915831FF3DA8E008C6AC5 /* Func.swift in Sources */ = {isa = PBXBuildFile; fileRef = 0099156B1FF3DA8A008C6AC5 /* Func.swift */; };
		009915841FF3DA8E008C6AC5 /* FretButton.swift in Sources */ = {isa = PBXBuildFile; fileRef = 0099156C1FF3DA8B008C6AC5 /* FretButton.swift */; };
		009915851FF3DA8E008C6AC5 /* GuitarChordsBrain.swift in Sources */ = {isa = PBXBuildFile; fileRef = 0099156D1FF3DA8B008C6AC5 /* GuitarChordsBrain.swift */; };
		009915861FF3DA8E008C6AC5 /* StringFret.swift in Sources */ = {isa = PBXBuildFile; fileRef = 0099156E1FF3DA8B008C6AC5 /* StringFret.swift */; };
		009915871FF3DA8E008C6AC5 /* Guitar.swift in Sources */ = {isa = PBXBuildFile; fileRef = 0099156F1FF3DA8B008C6AC5 /* Guitar.swift */; };
		009915881FF3DA8E008C6AC5 /* ArrayMultiplier.swift in Sources */ = {isa = PBXBuildFile; fileRef = 009915701FF3DA8B008C6AC5 /* ArrayMultiplier.swift */; };
		009915891FF3DA8E008C6AC5 /* Chord.swift in Sources */ = {isa = PBXBuildFile; fileRef = 009915711FF3DA8B008C6AC5 /* Chord.swift */; };
		0099158A1FF3DA8E008C6AC5 /* FingerPosition.swift in Sources */ = {isa = PBXBuildFile; fileRef = 009915721FF3DA8C008C6AC5 /* FingerPosition.swift */; };
		0099158B1FF3DA8E008C6AC5 /* GuitarStringType.swift in Sources */ = {isa = PBXBuildFile; fileRef = 009915731FF3DA8C008C6AC5 /* GuitarStringType.swift */; };
		0099158C1FF3DA8E008C6AC5 /* ChordDictionary.swift in Sources */ = {isa = PBXBuildFile; fileRef = 009915741FF3DA8C008C6AC5 /* ChordDictionary.swift */; };
		0099158D1FF3DA8E008C6AC5 /* GuitarFret.swift in Sources */ = {isa = PBXBuildFile; fileRef = 009915751FF3DA8C008C6AC5 /* GuitarFret.swift */; };
		0099158E1FF3DA8E008C6AC5 /* GuitarString.swift in Sources */ = {isa = PBXBuildFile; fileRef = 009915761FF3DA8C008C6AC5 /* GuitarString.swift */; };
		0099158F1FF3DA8E008C6AC5 /* Extensions.swift in Sources */ = {isa = PBXBuildFile; fileRef = 009915771FF3DA8C008C6AC5 /* Extensions.swift */; };
		009915901FF3DA8E008C6AC5 /* ChordType.swift in Sources */ = {isa = PBXBuildFile; fileRef = 009915781FF3DA8D008C6AC5 /* ChordType.swift */; };
		009915911FF3DA8E008C6AC5 /* GuitarTuning.swift in Sources */ = {isa = PBXBuildFile; fileRef = 009915791FF3DA8D008C6AC5 /* GuitarTuning.swift */; };
		009915921FF3DA8E008C6AC5 /* MajorChord.swift in Sources */ = {isa = PBXBuildFile; fileRef = 0099157A1FF3DA8D008C6AC5 /* MajorChord.swift */; };
		009915931FF3DA8E008C6AC5 /* Assets.xcassets in Resources */ = {isa = PBXBuildFile; fileRef = 0099157B1FF3DA8D008C6AC5 /* Assets.xcassets */; };
		009915941FF3DA8E008C6AC5 /* Note.swift in Sources */ = {isa = PBXBuildFile; fileRef = 0099157C1FF3DA8D008C6AC5 /* Note.swift */; };
		009915951FF3DA8E008C6AC5 /* FretViewController.swift in Sources */ = {isa = PBXBuildFile; fileRef = 0099157D1FF3DA8D008C6AC5 /* FretViewController.swift */; };
		00C00D661FF9254E00D4E710 /* Data.xcdatamodeld in Sources */ = {isa = PBXBuildFile; fileRef = 00C00D641FF9254E00D4E710 /* Data.xcdatamodeld */; };
		00C00DAB1FF945B100D4E710 /* ChordFingerPattern.swift in Sources */ = {isa = PBXBuildFile; fileRef = 00C00DAA1FF945B100D4E710 /* ChordFingerPattern.swift */; };
/* End PBXBuildFile section */

/* Begin PBXContainerItemProxy section */
		007020171FF2B652005BAB60 /* PBXContainerItemProxy */ = {
			isa = PBXContainerItemProxy;
			containerPortal = 00701FF81FF2B652005BAB60 /* Project object */;
			proxyType = 1;
			remoteGlobalIDString = 00701FFF1FF2B652005BAB60;
			remoteInfo = GuitarChords;
		};
		007020221FF2B652005BAB60 /* PBXContainerItemProxy */ = {
			isa = PBXContainerItemProxy;
			containerPortal = 00701FF81FF2B652005BAB60 /* Project object */;
			proxyType = 1;
			remoteGlobalIDString = 00701FFF1FF2B652005BAB60;
			remoteInfo = GuitarChords;
		};
/* End PBXContainerItemProxy section */

/* Begin PBXFileReference section */
		0007F1771FF9503400FA820F /* ChordSaver.swift */ = {isa = PBXFileReference; lastKnownFileType = sourcecode.swift; path = ChordSaver.swift; sourceTree = "<group>"; };
		0007F1791FF9520400FA820F /* Database.swift */ = {isa = PBXFileReference; lastKnownFileType = sourcecode.swift; path = Database.swift; sourceTree = "<group>"; };
		0060BF3D1FF881BA00AA84E3 /* StringHeaderLabel.swift */ = {isa = PBXFileReference; lastKnownFileType = sourcecode.swift; path = StringHeaderLabel.swift; sourceTree = "<group>"; };
		007020001FF2B652005BAB60 /* GuitarChords.app */ = {isa = PBXFileReference; explicitFileType = wrapper.application; includeInIndex = 0; path = GuitarChords.app; sourceTree = BUILT_PRODUCTS_DIR; };
		007020031FF2B652005BAB60 /* AppDelegate.swift */ = {isa = PBXFileReference; lastKnownFileType = sourcecode.swift; path = AppDelegate.swift; sourceTree = "<group>"; };
		007020071FF2B652005BAB60 /* SettingsViewController.swift */ = {isa = PBXFileReference; lastKnownFileType = sourcecode.swift; path = SettingsViewController.swift; sourceTree = "<group>"; };
		0070200A1FF2B652005BAB60 /* Base */ = {isa = PBXFileReference; lastKnownFileType = file.storyboard; name = Base; path = Base.lproj/Main.storyboard; sourceTree = "<group>"; };
		0070200C1FF2B652005BAB60 /* Assets.xcassets */ = {isa = PBXFileReference; lastKnownFileType = folder.assetcatalog; path = Assets.xcassets; sourceTree = "<group>"; };
		0070200F1FF2B652005BAB60 /* Base */ = {isa = PBXFileReference; lastKnownFileType = file.storyboard; name = Base; path = Base.lproj/LaunchScreen.storyboard; sourceTree = "<group>"; };
		007020111FF2B652005BAB60 /* Info.plist */ = {isa = PBXFileReference; lastKnownFileType = text.plist.xml; path = Info.plist; sourceTree = "<group>"; };
		007020161FF2B652005BAB60 /* GuitarChordsTests.xctest */ = {isa = PBXFileReference; explicitFileType = wrapper.cfbundle; includeInIndex = 0; path = GuitarChordsTests.xctest; sourceTree = BUILT_PRODUCTS_DIR; };
		0070201A1FF2B652005BAB60 /* GuitarChordsTests.swift */ = {isa = PBXFileReference; lastKnownFileType = sourcecode.swift; path = GuitarChordsTests.swift; sourceTree = "<group>"; };
		0070201C1FF2B652005BAB60 /* Info.plist */ = {isa = PBXFileReference; lastKnownFileType = text.plist.xml; path = Info.plist; sourceTree = "<group>"; };
		007020211FF2B652005BAB60 /* GuitarChordsUITests.xctest */ = {isa = PBXFileReference; explicitFileType = wrapper.cfbundle; includeInIndex = 0; path = GuitarChordsUITests.xctest; sourceTree = BUILT_PRODUCTS_DIR; };
		007020251FF2B652005BAB60 /* GuitarChordsUITests.swift */ = {isa = PBXFileReference; lastKnownFileType = sourcecode.swift; path = GuitarChordsUITests.swift; sourceTree = "<group>"; };
		007020271FF2B652005BAB60 /* Info.plist */ = {isa = PBXFileReference; lastKnownFileType = text.plist.xml; path = Info.plist; sourceTree = "<group>"; };
		009915661FF3DA8A008C6AC5 /* StringViewController.swift */ = {isa = PBXFileReference; fileEncoding = 4; lastKnownFileType = sourcecode.swift; path = StringViewController.swift; sourceTree = "<group>"; };
		009915671FF3DA8A008C6AC5 /* ViewController.swift */ = {isa = PBXFileReference; fileEncoding = 4; lastKnownFileType = sourcecode.swift; path = ViewController.swift; sourceTree = "<group>"; };
		009915681FF3DA8A008C6AC5 /* Base.lproj */ = {isa = PBXFileReference; lastKnownFileType = folder; path = Base.lproj; sourceTree = "<group>"; };
		009915691FF3DA8A008C6AC5 /* FretView.swift */ = {isa = PBXFileReference; fileEncoding = 4; lastKnownFileType = sourcecode.swift; path = FretView.swift; sourceTree = "<group>"; };
		0099156A1FF3DA8A008C6AC5 /* FingerPattern.swift */ = {isa = PBXFileReference; fileEncoding = 4; lastKnownFileType = sourcecode.swift; path = FingerPattern.swift; sourceTree = "<group>"; };
		0099156B1FF3DA8A008C6AC5 /* Func.swift */ = {isa = PBXFileReference; fileEncoding = 4; lastKnownFileType = sourcecode.swift; path = Func.swift; sourceTree = "<group>"; };
		0099156C1FF3DA8B008C6AC5 /* FretButton.swift */ = {isa = PBXFileReference; fileEncoding = 4; lastKnownFileType = sourcecode.swift; path = FretButton.swift; sourceTree = "<group>"; };
		0099156D1FF3DA8B008C6AC5 /* GuitarChordsBrain.swift */ = {isa = PBXFileReference; fileEncoding = 4; lastKnownFileType = sourcecode.swift; path = GuitarChordsBrain.swift; sourceTree = "<group>"; };
		0099156E1FF3DA8B008C6AC5 /* StringFret.swift */ = {isa = PBXFileReference; fileEncoding = 4; lastKnownFileType = sourcecode.swift; path = StringFret.swift; sourceTree = "<group>"; };
		0099156F1FF3DA8B008C6AC5 /* Guitar.swift */ = {isa = PBXFileReference; fileEncoding = 4; lastKnownFileType = sourcecode.swift; path = Guitar.swift; sourceTree = "<group>"; };
		009915701FF3DA8B008C6AC5 /* ArrayMultiplier.swift */ = {isa = PBXFileReference; fileEncoding = 4; lastKnownFileType = sourcecode.swift; path = ArrayMultiplier.swift; sourceTree = "<group>"; };
		009915711FF3DA8B008C6AC5 /* Chord.swift */ = {isa = PBXFileReference; fileEncoding = 4; lastKnownFileType = sourcecode.swift; path = Chord.swift; sourceTree = "<group>"; };
		009915721FF3DA8C008C6AC5 /* FingerPosition.swift */ = {isa = PBXFileReference; fileEncoding = 4; lastKnownFileType = sourcecode.swift; path = FingerPosition.swift; sourceTree = "<group>"; };
		009915731FF3DA8C008C6AC5 /* GuitarStringType.swift */ = {isa = PBXFileReference; fileEncoding = 4; lastKnownFileType = sourcecode.swift; path = GuitarStringType.swift; sourceTree = "<group>"; };
		009915741FF3DA8C008C6AC5 /* ChordDictionary.swift */ = {isa = PBXFileReference; fileEncoding = 4; lastKnownFileType = sourcecode.swift; path = ChordDictionary.swift; sourceTree = "<group>"; };
		009915751FF3DA8C008C6AC5 /* GuitarFret.swift */ = {isa = PBXFileReference; fileEncoding = 4; lastKnownFileType = sourcecode.swift; path = GuitarFret.swift; sourceTree = "<group>"; };
		009915761FF3DA8C008C6AC5 /* GuitarString.swift */ = {isa = PBXFileReference; fileEncoding = 4; lastKnownFileType = sourcecode.swift; path = GuitarString.swift; sourceTree = "<group>"; };
		009915771FF3DA8C008C6AC5 /* Extensions.swift */ = {isa = PBXFileReference; fileEncoding = 4; lastKnownFileType = sourcecode.swift; path = Extensions.swift; sourceTree = "<group>"; };
		009915781FF3DA8D008C6AC5 /* ChordType.swift */ = {isa = PBXFileReference; fileEncoding = 4; lastKnownFileType = sourcecode.swift; path = ChordType.swift; sourceTree = "<group>"; };
		009915791FF3DA8D008C6AC5 /* GuitarTuning.swift */ = {isa = PBXFileReference; fileEncoding = 4; lastKnownFileType = sourcecode.swift; path = GuitarTuning.swift; sourceTree = "<group>"; };
		0099157A1FF3DA8D008C6AC5 /* MajorChord.swift */ = {isa = PBXFileReference; fileEncoding = 4; lastKnownFileType = sourcecode.swift; path = MajorChord.swift; sourceTree = "<group>"; };
		0099157B1FF3DA8D008C6AC5 /* Assets.xcassets */ = {isa = PBXFileReference; lastKnownFileType = folder.assetcatalog; path = Assets.xcassets; sourceTree = "<group>"; };
		0099157C1FF3DA8D008C6AC5 /* Note.swift */ = {isa = PBXFileReference; fileEncoding = 4; lastKnownFileType = sourcecode.swift; path = Note.swift; sourceTree = "<group>"; };
		0099157D1FF3DA8D008C6AC5 /* FretViewController.swift */ = {isa = PBXFileReference; fileEncoding = 4; lastKnownFileType = sourcecode.swift; path = FretViewController.swift; sourceTree = "<group>"; };
		00C00D651FF9254E00D4E710 /* FingerPatterns.xcdatamodel */ = {isa = PBXFileReference; lastKnownFileType = wrapper.xcdatamodel; path = FingerPatterns.xcdatamodel; sourceTree = "<group>"; };
		00C00DAA1FF945B100D4E710 /* ChordFingerPattern.swift */ = {isa = PBXFileReference; lastKnownFileType = sourcecode.swift; path = ChordFingerPattern.swift; sourceTree = "<group>"; };
/* End PBXFileReference section */

/* Begin PBXFrameworksBuildPhase section */
		00701FFD1FF2B652005BAB60 /* Frameworks */ = {
			isa = PBXFrameworksBuildPhase;
			buildActionMask = 2147483647;
			files = (
			);
			runOnlyForDeploymentPostprocessing = 0;
		};
		007020131FF2B652005BAB60 /* Frameworks */ = {
			isa = PBXFrameworksBuildPhase;
			buildActionMask = 2147483647;
			files = (
			);
			runOnlyForDeploymentPostprocessing = 0;
		};
		0070201E1FF2B652005BAB60 /* Frameworks */ = {
			isa = PBXFrameworksBuildPhase;
			buildActionMask = 2147483647;
			files = (
			);
			runOnlyForDeploymentPostprocessing = 0;
		};
/* End PBXFrameworksBuildPhase section */

/* Begin PBXGroup section */
		00701FF71FF2B652005BAB60 = {
			isa = PBXGroup;
			children = (
				007020021FF2B652005BAB60 /* GuitarChords */,
				007020191FF2B652005BAB60 /* GuitarChordsTests */,
				007020241FF2B652005BAB60 /* GuitarChordsUITests */,
				007020011FF2B652005BAB60 /* Products */,
			);
			sourceTree = "<group>";
		};
		007020011FF2B652005BAB60 /* Products */ = {
			isa = PBXGroup;
			children = (
				007020001FF2B652005BAB60 /* GuitarChords.app */,
				007020161FF2B652005BAB60 /* GuitarChordsTests.xctest */,
				007020211FF2B652005BAB60 /* GuitarChordsUITests.xctest */,
			);
			name = Products;
			sourceTree = "<group>";
		};
		007020021FF2B652005BAB60 /* GuitarChords */ = {
			isa = PBXGroup;
			children = (
				007020031FF2B652005BAB60 /* AppDelegate.swift */,
				009915701FF3DA8B008C6AC5 /* ArrayMultiplier.swift */,
				0099157B1FF3DA8D008C6AC5 /* Assets.xcassets */,
				00C00DAA1FF945B100D4E710 /* ChordFingerPattern.swift */,
				009915681FF3DA8A008C6AC5 /* Base.lproj */,
				009915711FF3DA8B008C6AC5 /* Chord.swift */,
				0007F1791FF9520400FA820F /* Database.swift */,
				009915741FF3DA8C008C6AC5 /* ChordDictionary.swift */,
				009915781FF3DA8D008C6AC5 /* ChordType.swift */,
				00C00D641FF9254E00D4E710 /* Data.xcdatamodeld */,
				009915771FF3DA8C008C6AC5 /* Extensions.swift */,
				0099156A1FF3DA8A008C6AC5 /* FingerPattern.swift */,
				009915721FF3DA8C008C6AC5 /* FingerPosition.swift */,
				0099156C1FF3DA8B008C6AC5 /* FretButton.swift */,
				0007F1771FF9503400FA820F /* ChordSaver.swift */,
				009915691FF3DA8A008C6AC5 /* FretView.swift */,
				0099157D1FF3DA8D008C6AC5 /* FretViewController.swift */,
				0099156B1FF3DA8A008C6AC5 /* Func.swift */,
				0099156F1FF3DA8B008C6AC5 /* Guitar.swift */,
				0099156D1FF3DA8B008C6AC5 /* GuitarChordsBrain.swift */,
				009915751FF3DA8C008C6AC5 /* GuitarFret.swift */,
				009915761FF3DA8C008C6AC5 /* GuitarString.swift */,
				009915731FF3DA8C008C6AC5 /* GuitarStringType.swift */,
				009915791FF3DA8D008C6AC5 /* GuitarTuning.swift */,
				007020111FF2B652005BAB60 /* Info.plist */,
				0070200E1FF2B652005BAB60 /* LaunchScreen.storyboard */,
				007020091FF2B652005BAB60 /* Main.storyboard */,
				0099157A1FF3DA8D008C6AC5 /* MajorChord.swift */,
				0099157C1FF3DA8D008C6AC5 /* Note.swift */,
				007020071FF2B652005BAB60 /* SettingsViewController.swift */,
				0099156E1FF3DA8B008C6AC5 /* StringFret.swift */,
				0060BF3D1FF881BA00AA84E3 /* StringHeaderLabel.swift */,
				009915661FF3DA8A008C6AC5 /* StringViewController.swift */,
				009915671FF3DA8A008C6AC5 /* ViewController.swift */,
				0070200C1FF2B652005BAB60 /* Assets.xcassets */,
			);
			path = GuitarChords;
			sourceTree = "<group>";
		};
		007020191FF2B652005BAB60 /* GuitarChordsTests */ = {
			isa = PBXGroup;
			children = (
				0070201A1FF2B652005BAB60 /* GuitarChordsTests.swift */,
				0070201C1FF2B652005BAB60 /* Info.plist */,
			);
			path = GuitarChordsTests;
			sourceTree = "<group>";
		};
		007020241FF2B652005BAB60 /* GuitarChordsUITests */ = {
			isa = PBXGroup;
			children = (
				007020251FF2B652005BAB60 /* GuitarChordsUITests.swift */,
				007020271FF2B652005BAB60 /* Info.plist */,
			);
			path = GuitarChordsUITests;
			sourceTree = "<group>";
		};
/* End PBXGroup section */

/* Begin PBXNativeTarget section */
		00701FFF1FF2B652005BAB60 /* GuitarChords */ = {
			isa = PBXNativeTarget;
			buildConfigurationList = 0070202A1FF2B652005BAB60 /* Build configuration list for PBXNativeTarget "GuitarChords" */;
			buildPhases = (
				00701FFC1FF2B652005BAB60 /* Sources */,
				00701FFD1FF2B652005BAB60 /* Frameworks */,
				00701FFE1FF2B652005BAB60 /* Resources */,
			);
			buildRules = (
			);
			dependencies = (
			);
			name = GuitarChords;
			productName = GuitarChords;
			productReference = 007020001FF2B652005BAB60 /* GuitarChords.app */;
			productType = "com.apple.product-type.application";
		};
		007020151FF2B652005BAB60 /* GuitarChordsTests */ = {
			isa = PBXNativeTarget;
			buildConfigurationList = 0070202D1FF2B652005BAB60 /* Build configuration list for PBXNativeTarget "GuitarChordsTests" */;
			buildPhases = (
				007020121FF2B652005BAB60 /* Sources */,
				007020131FF2B652005BAB60 /* Frameworks */,
				007020141FF2B652005BAB60 /* Resources */,
			);
			buildRules = (
			);
			dependencies = (
				007020181FF2B652005BAB60 /* PBXTargetDependency */,
			);
			name = GuitarChordsTests;
			productName = GuitarChordsTests;
			productReference = 007020161FF2B652005BAB60 /* GuitarChordsTests.xctest */;
			productType = "com.apple.product-type.bundle.unit-test";
		};
		007020201FF2B652005BAB60 /* GuitarChordsUITests */ = {
			isa = PBXNativeTarget;
			buildConfigurationList = 007020301FF2B652005BAB60 /* Build configuration list for PBXNativeTarget "GuitarChordsUITests" */;
			buildPhases = (
				0070201D1FF2B652005BAB60 /* Sources */,
				0070201E1FF2B652005BAB60 /* Frameworks */,
				0070201F1FF2B652005BAB60 /* Resources */,
			);
			buildRules = (
			);
			dependencies = (
				007020231FF2B652005BAB60 /* PBXTargetDependency */,
			);
			name = GuitarChordsUITests;
			productName = GuitarChordsUITests;
			productReference = 007020211FF2B652005BAB60 /* GuitarChordsUITests.xctest */;
			productType = "com.apple.product-type.bundle.ui-testing";
		};
/* End PBXNativeTarget section */

/* Begin PBXProject section */
		00701FF81FF2B652005BAB60 /* Project object */ = {
			isa = PBXProject;
			attributes = {
				LastSwiftUpdateCheck = 0920;
				LastUpgradeCheck = 0920;
				ORGANIZATIONNAME = "Robin Smith";
				TargetAttributes = {
					00701FFF1FF2B652005BAB60 = {
						CreatedOnToolsVersion = 9.2;
						ProvisioningStyle = Automatic;
					};
					007020151FF2B652005BAB60 = {
						CreatedOnToolsVersion = 9.2;
						ProvisioningStyle = Automatic;
						TestTargetID = 00701FFF1FF2B652005BAB60;
					};
					007020201FF2B652005BAB60 = {
						CreatedOnToolsVersion = 9.2;
						ProvisioningStyle = Automatic;
						TestTargetID = 00701FFF1FF2B652005BAB60;
					};
				};
			};
			buildConfigurationList = 00701FFB1FF2B652005BAB60 /* Build configuration list for PBXProject "GuitarChords" */;
			compatibilityVersion = "Xcode 8.0";
			developmentRegion = en;
			hasScannedForEncodings = 0;
			knownRegions = (
				en,
				Base,
			);
			mainGroup = 00701FF71FF2B652005BAB60;
			productRefGroup = 007020011FF2B652005BAB60 /* Products */;
			projectDirPath = "";
			projectRoot = "";
			targets = (
				00701FFF1FF2B652005BAB60 /* GuitarChords */,
				007020151FF2B652005BAB60 /* GuitarChordsTests */,
				007020201FF2B652005BAB60 /* GuitarChordsUITests */,
			);
		};
/* End PBXProject section */

/* Begin PBXResourcesBuildPhase section */
		00701FFE1FF2B652005BAB60 /* Resources */ = {
			isa = PBXResourcesBuildPhase;
			buildActionMask = 2147483647;
			files = (
				007020101FF2B652005BAB60 /* LaunchScreen.storyboard in Resources */,
				0070200D1FF2B652005BAB60 /* Assets.xcassets in Resources */,
				009915801FF3DA8E008C6AC5 /* Base.lproj in Resources */,
				0070200B1FF2B652005BAB60 /* Main.storyboard in Resources */,
				009915931FF3DA8E008C6AC5 /* Assets.xcassets in Resources */,
			);
			runOnlyForDeploymentPostprocessing = 0;
		};
		007020141FF2B652005BAB60 /* Resources */ = {
			isa = PBXResourcesBuildPhase;
			buildActionMask = 2147483647;
			files = (
			);
			runOnlyForDeploymentPostprocessing = 0;
		};
		0070201F1FF2B652005BAB60 /* Resources */ = {
			isa = PBXResourcesBuildPhase;
			buildActionMask = 2147483647;
			files = (
			);
			runOnlyForDeploymentPostprocessing = 0;
		};
/* End PBXResourcesBuildPhase section */

/* Begin PBXSourcesBuildPhase section */
		00701FFC1FF2B652005BAB60 /* Sources */ = {
			isa = PBXSourcesBuildPhase;
			buildActionMask = 2147483647;
			files = (
				0007F17A1FF9520400FA820F /* Database.swift in Sources */,
				0007F1781FF9503400FA820F /* ChordSaver.swift in Sources */,
				0099157F1FF3DA8E008C6AC5 /* ViewController.swift in Sources */,
				009915831FF3DA8E008C6AC5 /* Func.swift in Sources */,
				0099158D1FF3DA8E008C6AC5 /* GuitarFret.swift in Sources */,
				009915821FF3DA8E008C6AC5 /* FingerPattern.swift in Sources */,
				0099158A1FF3DA8E008C6AC5 /* FingerPosition.swift in Sources */,
				0099158E1FF3DA8E008C6AC5 /* GuitarString.swift in Sources */,
				009915871FF3DA8E008C6AC5 /* Guitar.swift in Sources */,
				0060BF3E1FF881BA00AA84E3 /* StringHeaderLabel.swift in Sources */,
				00C00DAB1FF945B100D4E710 /* ChordFingerPattern.swift in Sources */,
				007020081FF2B652005BAB60 /* SettingsViewController.swift in Sources */,
				009915951FF3DA8E008C6AC5 /* FretViewController.swift in Sources */,
				009915901FF3DA8E008C6AC5 /* ChordType.swift in Sources */,
				0099158C1FF3DA8E008C6AC5 /* ChordDictionary.swift in Sources */,
				009915911FF3DA8E008C6AC5 /* GuitarTuning.swift in Sources */,
				009915941FF3DA8E008C6AC5 /* Note.swift in Sources */,
				009915921FF3DA8E008C6AC5 /* MajorChord.swift in Sources */,
				0099158B1FF3DA8E008C6AC5 /* GuitarStringType.swift in Sources */,
				007020041FF2B652005BAB60 /* AppDelegate.swift in Sources */,
				00C00D661FF9254E00D4E710 /* Data.xcdatamodeld in Sources */,
				009915891FF3DA8E008C6AC5 /* Chord.swift in Sources */,
				009915851FF3DA8E008C6AC5 /* GuitarChordsBrain.swift in Sources */,
				009915881FF3DA8E008C6AC5 /* ArrayMultiplier.swift in Sources */,
				0099158F1FF3DA8E008C6AC5 /* Extensions.swift in Sources */,
				009915861FF3DA8E008C6AC5 /* StringFret.swift in Sources */,
				009915841FF3DA8E008C6AC5 /* FretButton.swift in Sources */,
				0099157E1FF3DA8E008C6AC5 /* StringViewController.swift in Sources */,
				009915811FF3DA8E008C6AC5 /* FretView.swift in Sources */,
			);
			runOnlyForDeploymentPostprocessing = 0;
		};
		007020121FF2B652005BAB60 /* Sources */ = {
			isa = PBXSourcesBuildPhase;
			buildActionMask = 2147483647;
			files = (
				0070201B1FF2B652005BAB60 /* GuitarChordsTests.swift in Sources */,
			);
			runOnlyForDeploymentPostprocessing = 0;
		};
		0070201D1FF2B652005BAB60 /* Sources */ = {
			isa = PBXSourcesBuildPhase;
			buildActionMask = 2147483647;
			files = (
				007020261FF2B652005BAB60 /* GuitarChordsUITests.swift in Sources */,
			);
			runOnlyForDeploymentPostprocessing = 0;
		};
/* End PBXSourcesBuildPhase section */

/* Begin PBXTargetDependency section */
		007020181FF2B652005BAB60 /* PBXTargetDependency */ = {
			isa = PBXTargetDependency;
			target = 00701FFF1FF2B652005BAB60 /* GuitarChords */;
			targetProxy = 007020171FF2B652005BAB60 /* PBXContainerItemProxy */;
		};
		007020231FF2B652005BAB60 /* PBXTargetDependency */ = {
			isa = PBXTargetDependency;
			target = 00701FFF1FF2B652005BAB60 /* GuitarChords */;
			targetProxy = 007020221FF2B652005BAB60 /* PBXContainerItemProxy */;
		};
/* End PBXTargetDependency section */

/* Begin PBXVariantGroup section */
		007020091FF2B652005BAB60 /* Main.storyboard */ = {
			isa = PBXVariantGroup;
			children = (
				0070200A1FF2B652005BAB60 /* Base */,
			);
			name = Main.storyboard;
			sourceTree = "<group>";
		};
		0070200E1FF2B652005BAB60 /* LaunchScreen.storyboard */ = {
			isa = PBXVariantGroup;
			children = (
				0070200F1FF2B652005BAB60 /* Base */,
			);
			name = LaunchScreen.storyboard;
			sourceTree = "<group>";
		};
/* End PBXVariantGroup section */

/* Begin XCBuildConfiguration section */
		007020281FF2B652005BAB60 /* Debug */ = {
			isa = XCBuildConfiguration;
			buildSettings = {
				ALWAYS_SEARCH_USER_PATHS = NO;
				CLANG_ANALYZER_NONNULL = YES;
				CLANG_ANALYZER_NUMBER_OBJECT_CONVERSION = YES_AGGRESSIVE;
				CLANG_CXX_LANGUAGE_STANDARD = "gnu++14";
				CLANG_CXX_LIBRARY = "libc++";
				CLANG_ENABLE_MODULES = YES;
				CLANG_ENABLE_OBJC_ARC = YES;
				CLANG_WARN_BLOCK_CAPTURE_AUTORELEASING = YES;
				CLANG_WARN_BOOL_CONVERSION = YES;
				CLANG_WARN_COMMA = YES;
				CLANG_WARN_CONSTANT_CONVERSION = YES;
				CLANG_WARN_DIRECT_OBJC_ISA_USAGE = YES_ERROR;
				CLANG_WARN_DOCUMENTATION_COMMENTS = YES;
				CLANG_WARN_EMPTY_BODY = YES;
				CLANG_WARN_ENUM_CONVERSION = YES;
				CLANG_WARN_INFINITE_RECURSION = YES;
				CLANG_WARN_INT_CONVERSION = YES;
				CLANG_WARN_NON_LITERAL_NULL_CONVERSION = YES;
				CLANG_WARN_OBJC_LITERAL_CONVERSION = YES;
				CLANG_WARN_OBJC_ROOT_CLASS = YES_ERROR;
				CLANG_WARN_RANGE_LOOP_ANALYSIS = YES;
				CLANG_WARN_STRICT_PROTOTYPES = YES;
				CLANG_WARN_SUSPICIOUS_MOVE = YES;
				CLANG_WARN_UNGUARDED_AVAILABILITY = YES_AGGRESSIVE;
				CLANG_WARN_UNREACHABLE_CODE = YES;
				CLANG_WARN__DUPLICATE_METHOD_MATCH = YES;
				CODE_SIGN_IDENTITY = "iPhone Developer";
				COPY_PHASE_STRIP = NO;
				DEBUG_INFORMATION_FORMAT = dwarf;
				ENABLE_STRICT_OBJC_MSGSEND = YES;
				ENABLE_TESTABILITY = YES;
				GCC_C_LANGUAGE_STANDARD = gnu11;
				GCC_DYNAMIC_NO_PIC = NO;
				GCC_NO_COMMON_BLOCKS = YES;
				GCC_OPTIMIZATION_LEVEL = 0;
				GCC_PREPROCESSOR_DEFINITIONS = (
					"DEBUG=1",
					"$(inherited)",
				);
				GCC_WARN_64_TO_32_BIT_CONVERSION = YES;
				GCC_WARN_ABOUT_RETURN_TYPE = YES_ERROR;
				GCC_WARN_UNDECLARED_SELECTOR = YES;
				GCC_WARN_UNINITIALIZED_AUTOS = YES_AGGRESSIVE;
				GCC_WARN_UNUSED_FUNCTION = YES;
				GCC_WARN_UNUSED_VARIABLE = YES;
				IPHONEOS_DEPLOYMENT_TARGET = 11.2;
				MTL_ENABLE_DEBUG_INFO = YES;
				ONLY_ACTIVE_ARCH = YES;
				SDKROOT = iphoneos;
				SWIFT_ACTIVE_COMPILATION_CONDITIONS = DEBUG;
				SWIFT_OPTIMIZATION_LEVEL = "-Onone";
			};
			name = Debug;
		};
		007020291FF2B652005BAB60 /* Release */ = {
			isa = XCBuildConfiguration;
			buildSettings = {
				ALWAYS_SEARCH_USER_PATHS = NO;
				CLANG_ANALYZER_NONNULL = YES;
				CLANG_ANALYZER_NUMBER_OBJECT_CONVERSION = YES_AGGRESSIVE;
				CLANG_CXX_LANGUAGE_STANDARD = "gnu++14";
				CLANG_CXX_LIBRARY = "libc++";
				CLANG_ENABLE_MODULES = YES;
				CLANG_ENABLE_OBJC_ARC = YES;
				CLANG_WARN_BLOCK_CAPTURE_AUTORELEASING = YES;
				CLANG_WARN_BOOL_CONVERSION = YES;
				CLANG_WARN_COMMA = YES;
				CLANG_WARN_CONSTANT_CONVERSION = YES;
				CLANG_WARN_DIRECT_OBJC_ISA_USAGE = YES_ERROR;
				CLANG_WARN_DOCUMENTATION_COMMENTS = YES;
				CLANG_WARN_EMPTY_BODY = YES;
				CLANG_WARN_ENUM_CONVERSION = YES;
				CLANG_WARN_INFINITE_RECURSION = YES;
				CLANG_WARN_INT_CONVERSION = YES;
				CLANG_WARN_NON_LITERAL_NULL_CONVERSION = YES;
				CLANG_WARN_OBJC_LITERAL_CONVERSION = YES;
				CLANG_WARN_OBJC_ROOT_CLASS = YES_ERROR;
				CLANG_WARN_RANGE_LOOP_ANALYSIS = YES;
				CLANG_WARN_STRICT_PROTOTYPES = YES;
				CLANG_WARN_SUSPICIOUS_MOVE = YES;
				CLANG_WARN_UNGUARDED_AVAILABILITY = YES_AGGRESSIVE;
				CLANG_WARN_UNREACHABLE_CODE = YES;
				CLANG_WARN__DUPLICATE_METHOD_MATCH = YES;
				CODE_SIGN_IDENTITY = "iPhone Developer";
				COPY_PHASE_STRIP = NO;
				DEBUG_INFORMATION_FORMAT = "dwarf-with-dsym";
				ENABLE_NS_ASSERTIONS = NO;
				ENABLE_STRICT_OBJC_MSGSEND = YES;
				GCC_C_LANGUAGE_STANDARD = gnu11;
				GCC_NO_COMMON_BLOCKS = YES;
				GCC_WARN_64_TO_32_BIT_CONVERSION = YES;
				GCC_WARN_ABOUT_RETURN_TYPE = YES_ERROR;
				GCC_WARN_UNDECLARED_SELECTOR = YES;
				GCC_WARN_UNINITIALIZED_AUTOS = YES_AGGRESSIVE;
				GCC_WARN_UNUSED_FUNCTION = YES;
				GCC_WARN_UNUSED_VARIABLE = YES;
				IPHONEOS_DEPLOYMENT_TARGET = 11.2;
				MTL_ENABLE_DEBUG_INFO = NO;
				SDKROOT = iphoneos;
				SWIFT_OPTIMIZATION_LEVEL = "-Owholemodule";
				VALIDATE_PRODUCT = YES;
			};
			name = Release;
		};
		0070202B1FF2B652005BAB60 /* Debug */ = {
			isa = XCBuildConfiguration;
			buildSettings = {
				ASSETCATALOG_COMPILER_APPICON_NAME = AppIcon;
				CODE_SIGN_STYLE = Automatic;
				DEVELOPMENT_TEAM = S94KPMQXV8;
				INFOPLIST_FILE = GuitarChords/Info.plist;
				LD_RUNPATH_SEARCH_PATHS = "$(inherited) @executable_path/Frameworks";
				PRODUCT_BUNDLE_IDENTIFIER = io.rsmith.GuitarChords;
				PRODUCT_NAME = "$(TARGET_NAME)";
				SWIFT_VERSION = 4.0;
				TARGETED_DEVICE_FAMILY = "1,2";
			};
			name = Debug;
		};
		0070202C1FF2B652005BAB60 /* Release */ = {
			isa = XCBuildConfiguration;
			buildSettings = {
				ASSETCATALOG_COMPILER_APPICON_NAME = AppIcon;
				CODE_SIGN_STYLE = Automatic;
				DEVELOPMENT_TEAM = S94KPMQXV8;
				INFOPLIST_FILE = GuitarChords/Info.plist;
				LD_RUNPATH_SEARCH_PATHS = "$(inherited) @executable_path/Frameworks";
				PRODUCT_BUNDLE_IDENTIFIER = io.rsmith.GuitarChords;
				PRODUCT_NAME = "$(TARGET_NAME)";
				SWIFT_VERSION = 4.0;
				TARGETED_DEVICE_FAMILY = "1,2";
			};
			name = Release;
		};
		0070202E1FF2B652005BAB60 /* Debug */ = {
			isa = XCBuildConfiguration;
			buildSettings = {
				ALWAYS_EMBED_SWIFT_STANDARD_LIBRARIES = YES;
				BUNDLE_LOADER = "$(TEST_HOST)";
				CODE_SIGN_STYLE = Automatic;
				INFOPLIST_FILE = GuitarChordsTests/Info.plist;
				LD_RUNPATH_SEARCH_PATHS = "$(inherited) @executable_path/Frameworks @loader_path/Frameworks";
				PRODUCT_BUNDLE_IDENTIFIER = io.rsmith.GuitarChordsTests;
				PRODUCT_NAME = "$(TARGET_NAME)";
				SWIFT_VERSION = 4.0;
				TARGETED_DEVICE_FAMILY = "1,2";
				TEST_HOST = "$(BUILT_PRODUCTS_DIR)/GuitarChords.app/GuitarChords";
			};
			name = Debug;
		};
		0070202F1FF2B652005BAB60 /* Release */ = {
			isa = XCBuildConfiguration;
			buildSettings = {
				ALWAYS_EMBED_SWIFT_STANDARD_LIBRARIES = YES;
				BUNDLE_LOADER = "$(TEST_HOST)";
				CODE_SIGN_STYLE = Automatic;
				INFOPLIST_FILE = GuitarChordsTests/Info.plist;
				LD_RUNPATH_SEARCH_PATHS = "$(inherited) @executable_path/Frameworks @loader_path/Frameworks";
				PRODUCT_BUNDLE_IDENTIFIER = io.rsmith.GuitarChordsTests;
				PRODUCT_NAME = "$(TARGET_NAME)";
				SWIFT_VERSION = 4.0;
				TARGETED_DEVICE_FAMILY = "1,2";
				TEST_HOST = "$(BUILT_PRODUCTS_DIR)/GuitarChords.app/GuitarChords";
			};
			name = Release;
		};
		007020311FF2B652005BAB60 /* Debug */ = {
			isa = XCBuildConfiguration;
			buildSettings = {
				ALWAYS_EMBED_SWIFT_STANDARD_LIBRARIES = YES;
				CODE_SIGN_STYLE = Automatic;
				INFOPLIST_FILE = GuitarChordsUITests/Info.plist;
				LD_RUNPATH_SEARCH_PATHS = "$(inherited) @executable_path/Frameworks @loader_path/Frameworks";
				PRODUCT_BUNDLE_IDENTIFIER = io.rsmith.GuitarChordsUITests;
				PRODUCT_NAME = "$(TARGET_NAME)";
				SWIFT_VERSION = 4.0;
				TARGETED_DEVICE_FAMILY = "1,2";
				TEST_TARGET_NAME = GuitarChords;
			};
			name = Debug;
		};
		007020321FF2B652005BAB60 /* Release */ = {
			isa = XCBuildConfiguration;
			buildSettings = {
				ALWAYS_EMBED_SWIFT_STANDARD_LIBRARIES = YES;
				CODE_SIGN_STYLE = Automatic;
				INFOPLIST_FILE = GuitarChordsUITests/Info.plist;
				LD_RUNPATH_SEARCH_PATHS = "$(inherited) @executable_path/Frameworks @loader_path/Frameworks";
				PRODUCT_BUNDLE_IDENTIFIER = io.rsmith.GuitarChordsUITests;
				PRODUCT_NAME = "$(TARGET_NAME)";
				SWIFT_VERSION = 4.0;
				TARGETED_DEVICE_FAMILY = "1,2";
				TEST_TARGET_NAME = GuitarChords;
			};
			name = Release;
		};
/* End XCBuildConfiguration section */

/* Begin XCConfigurationList section */
		00701FFB1FF2B652005BAB60 /* Build configuration list for PBXProject "GuitarChords" */ = {
			isa = XCConfigurationList;
			buildConfigurations = (
				007020281FF2B652005BAB60 /* Debug */,
				007020291FF2B652005BAB60 /* Release */,
			);
			defaultConfigurationIsVisible = 0;
			defaultConfigurationName = Release;
		};
		0070202A1FF2B652005BAB60 /* Build configuration list for PBXNativeTarget "GuitarChords" */ = {
			isa = XCConfigurationList;
			buildConfigurations = (
				0070202B1FF2B652005BAB60 /* Debug */,
				0070202C1FF2B652005BAB60 /* Release */,
			);
			defaultConfigurationIsVisible = 0;
			defaultConfigurationName = Release;
		};
		0070202D1FF2B652005BAB60 /* Build configuration list for PBXNativeTarget "GuitarChordsTests" */ = {
			isa = XCConfigurationList;
			buildConfigurations = (
				0070202E1FF2B652005BAB60 /* Debug */,
				0070202F1FF2B652005BAB60 /* Release */,
			);
			defaultConfigurationIsVisible = 0;
			defaultConfigurationName = Release;
		};
		007020301FF2B652005BAB60 /* Build configuration list for PBXNativeTarget "GuitarChordsUITests" */ = {
			isa = XCConfigurationList;
			buildConfigurations = (
				007020311FF2B652005BAB60 /* Debug */,
				007020321FF2B652005BAB60 /* Release */,
			);
			defaultConfigurationIsVisible = 0;
			defaultConfigurationName = Release;
		};
/* End XCConfigurationList section */

/* Begin XCVersionGroup section */
		00C00D641FF9254E00D4E710 /* Data.xcdatamodeld */ = {
			isa = XCVersionGroup;
			children = (
				00C00D651FF9254E00D4E710 /* FingerPatterns.xcdatamodel */,
			);
			currentVersion = 00C00D651FF9254E00D4E710 /* FingerPatterns.xcdatamodel */;
			path = Data.xcdatamodeld;
			sourceTree = "<group>";
			versionGroupType = wrapper.xcdatamodel;
		};
/* End XCVersionGroup section */
	};
	rootObject = 00701FF81FF2B652005BAB60 /* Project object */;
}
